
Microsoft Visual Studio Solution File, Format Version 12.00
# Visual Studio Version 17
VisualStudioVersion = 17.4.33205.214
MinimumVisualStudioVersion = 10.0.40219.1
Project("{FAE04EC0-301F-11D3-BF4B-00C04F79EFBC}") = "Assignment 1", "Assignment 1\Assignment 1.csproj", "{34748437-F332-4B15-9208-F04EBF25EB43}"
EndProject
Global
	GlobalSection(SolutionConfigurationPlatforms) = preSolution
		Debug|Any CPU = Debug|Any CPU
		Release|Any CPU = Release|Any CPU
	EndGlobalSection
	GlobalSection(ProjectConfigurationPlatforms) = postSolution
		{34748437-F332-4B15-9208-F04EBF25EB43}.Debug|Any CPU.ActiveCfg = Debug|Any CPU
		{34748437-F332-4B15-9208-F04EBF25EB43}.Debug|Any CPU.Build.0 = Debug|Any CPU
		{34748437-F332-4B15-9208-F04EBF25EB43}.Release|Any CPU.ActiveCfg = Release|Any CPU
		{34748437-F332-4B15-9208-F04EBF25EB43}.Release|Any CPU.Build.0 = Release|Any CPU
	EndGlobalSection
	GlobalSection(SolutionProperties) = preSolution
		HideSolutionNode = FALSE
	EndGlobalSection
	GlobalSection(ExtensibilityGlobals) = postSolution
		SolutionGuid = {C12D1377-7B86-4B87-8898-9FA7B81AA9BC}
	EndGlobalSection
EndGlobal
